{
  "name": "wissen-coding-challenge",
  "version": "1.0.0",
  "lockfileVersion": 1,
  "requires": true,
  "dependencies": {
    "mathball": {
      "version": "0.4.0",
      "resolved": "https://registry.npmjs.org/mathball/-/mathball-0.4.0.tgz",
      "integrity": "sha512-SLy11rnXCc4km7nLR1N3GTgrj/0XcnXjF6gI4F5gVIEHmaBYC3LkasLocwj3S60A6xIjzsXaHKKmLaz5GRrLbg=="
    }
  }
}
